
Microsoft Visual Studio Solution File, Format Version 12.00
# Visual Studio Version 16
VisualStudioVersion = 16.0.30523.141
MinimumVisualStudioVersion = 10.0.40219.1
Project("{FAE04EC0-301F-11D3-BF4B-00C04F79EFBC}") = "CompGr-6", "CompGr-6\CompGr-6.csproj", "{D73DBC9E-785F-472A-9513-1611DF02EFCB}"
EndProject
Global
	GlobalSection(SolutionConfigurationPlatforms) = preSolution
		Debug|Any CPU = Debug|Any CPU
		Release|Any CPU = Release|Any CPU
	EndGlobalSection
	GlobalSection(ProjectConfigurationPlatforms) = postSolution
		{D73DBC9E-785F-472A-9513-1611DF02EFCB}.Debug|Any CPU.ActiveCfg = Debug|Any CPU
		{D73DBC9E-785F-472A-9513-1611DF02EFCB}.Debug|Any CPU.Build.0 = Debug|Any CPU
		{D73DBC9E-785F-472A-9513-1611DF02EFCB}.Release|Any CPU.ActiveCfg = Release|Any CPU
		{D73DBC9E-785F-472A-9513-1611DF02EFCB}.Release|Any CPU.Build.0 = Release|Any CPU
	EndGlobalSection
	GlobalSection(SolutionProperties) = preSolution
		HideSolutionNode = FALSE
	EndGlobalSection
	GlobalSection(ExtensibilityGlobals) = postSolution
		SolutionGuid = {9C5EDAF4-DFA9-48DE-B444-133B0DBFA252}
	EndGlobalSection
EndGlobal
