
Microsoft Visual Studio Solution File, Format Version 12.00
# Visual Studio Version 16
VisualStudioVersion = 16.0.30523.141
MinimumVisualStudioVersion = 10.0.40219.1
Project("{FAE04EC0-301F-11D3-BF4B-00C04F79EFBC}") = "CompGr-5", "CompGr-5\CompGr-5.csproj", "{56E89408-436B-480B-A29D-88D22678CFB1}"
EndProject
Global
	GlobalSection(SolutionConfigurationPlatforms) = preSolution
		Debug|Any CPU = Debug|Any CPU
		Release|Any CPU = Release|Any CPU
	EndGlobalSection
	GlobalSection(ProjectConfigurationPlatforms) = postSolution
		{56E89408-436B-480B-A29D-88D22678CFB1}.Debug|Any CPU.ActiveCfg = Debug|Any CPU
		{56E89408-436B-480B-A29D-88D22678CFB1}.Debug|Any CPU.Build.0 = Debug|Any CPU
		{56E89408-436B-480B-A29D-88D22678CFB1}.Release|Any CPU.ActiveCfg = Release|Any CPU
		{56E89408-436B-480B-A29D-88D22678CFB1}.Release|Any CPU.Build.0 = Release|Any CPU
	EndGlobalSection
	GlobalSection(SolutionProperties) = preSolution
		HideSolutionNode = FALSE
	EndGlobalSection
	GlobalSection(ExtensibilityGlobals) = postSolution
		SolutionGuid = {EEBFB35E-83B1-4C40-A158-23DAA45F1688}
	EndGlobalSection
EndGlobal
